// !$*UTF8*$!
{
	archiveVersion = 1;
	classes = {
	};
	objectVersion = 77;
	objects = {

/* Begin PBXBuildFile section */
		020E6D490135E36043DF5C94 /* NiftyCore in Frameworks */ = {isa = PBXBuildFile; productRef = 7BE3531A196107450CBD91C4 /* NiftyCore */; };
		088CDD62BE70AF4599757BB9 /* CameraPreviewView.swift in Sources */ = {isa = PBXBuildFile; fileRef = 875613EC3011E66CBED946F2 /* CameraPreviewView.swift */; };
		0ABB22A51E413F200C4BBC26 /* NiftyData in Frameworks */ = {isa = PBXBuildFile; productRef = D573630EDB426970D58ED8FD /* NiftyData */; };
		287B14B998815214993450B2 /* FormatSelectorView.swift in Sources */ = {isa = PBXBuildFile; fileRef = 71D85D4225DB3739374D2BA5 /* FormatSelectorView.swift */; };
		34F2A72EE427A586D232B039 /* PiqdAppContainer.swift in Sources */ = {isa = PBXBuildFile; fileRef = 279D2B73905D44964F953E82 /* PiqdAppContainer.swift */; };
		B1C2D3E4F5A6B7C8D9E0F1A2 /* PiqdNoopLabClient.swift in Sources */ = {isa = PBXBuildFile; fileRef = A1B2C3D4E5F6A7B8C9D0E1F2 /* PiqdNoopLabClient.swift */; };
		3D7D0C29AC8EA7B0A03C1ED0 /* ModePill.swift in Sources */ = {isa = PBXBuildFile; fileRef = CE0869CC6219AD5B6332A432 /* ModePill.swift */; };
		3F7E27FDD6AE38C30EE02A25 /* PiqdUITests.swift in Sources */ = {isa = PBXBuildFile; fileRef = EECCC3D31406AB1441602D61 /* PiqdUITests.swift */; };
		532ED0C0AE4F0B54A4CE97E0 /* PiqdFormatSelectorUITests.swift in Sources */ = {isa = PBXBuildFile; fileRef = A8A0EB5730AF30F1041963E8 /* PiqdFormatSelectorUITests.swift */; };
		66B9A387B228C409781AE007 /* ShutterButtonView.swift in Sources */ = {isa = PBXBuildFile; fileRef = 984A18C460D85A3608186BE0 /* ShutterButtonView.swift */; };
		7394563EE607E580E3F6E3DE /* PiqdDevSettingsView.swift in Sources */ = {isa = PBXBuildFile; fileRef = 526A6B001D1391B841AD8985 /* PiqdDevSettingsView.swift */; };
		85E708F3A5A20465F897563B /* Assets.xcassets in Resources */ = {isa = PBXBuildFile; fileRef = 0BAFF4E03D6585CBBE2287DE /* Assets.xcassets */; };
		A234A41E017AC49A3D8C3E33 /* PiqdVaultDebugView.swift in Sources */ = {isa = PBXBuildFile; fileRef = 63930AB65B928A8ADECA8569 /* PiqdVaultDebugView.swift */; };
		A304FE9183DB16AD76CB606B /* PiqdCaptureView.swift in Sources */ = {isa = PBXBuildFile; fileRef = 07BA6A9EC78DB6D0CD539B1A /* PiqdCaptureView.swift */; };
		A790EDBFEE6F54A6677F82CE /* ModeStore.swift in Sources */ = {isa = PBXBuildFile; fileRef = 31D36459944764E9C1ADA3B7 /* ModeStore.swift */; };
		A7E62A1BB65ACF761CDB209F /* PiqdRootView.swift in Sources */ = {isa = PBXBuildFile; fileRef = 81525CAE3CAFA242F4BAE842 /* PiqdRootView.swift */; };
		B701C53021FC457454E2D58A /* RollFullOverlay.swift in Sources */ = {isa = PBXBuildFile; fileRef = 935FF5B37E24F11CFF39BDB3 /* RollFullOverlay.swift */; };
		CB28F05D74DD0D5C9AEBDFFD /* AppConfig+Piqd.swift in Sources */ = {isa = PBXBuildFile; fileRef = EDA6C4CB6BEA885C4EB002D5 /* AppConfig+Piqd.swift */; };
		CB5D208C969455EA521B2984 /* GrainOverlayView.swift in Sources */ = {isa = PBXBuildFile; fileRef = 1CD77E57B74CA07FEF63AF2A /* GrainOverlayView.swift */; };
		CB715841E8C07E00DD0B296D /* ModeSwitchSheet.swift in Sources */ = {isa = PBXBuildFile; fileRef = BCE21AD10981EF8FB776F62E /* ModeSwitchSheet.swift */; };
		DF7C58D77E47FE795473145E /* FilmCounterView.swift in Sources */ = {isa = PBXBuildFile; fileRef = 27B0906DFD3AE95F1157FE0C /* FilmCounterView.swift */; };
		E38806A3EF8D32C841C7E828 /* SafeRenderBorderView.swift in Sources */ = {isa = PBXBuildFile; fileRef = E5DBAEF6FB065B8AAE5C5D08 /* SafeRenderBorderView.swift */; };
		EDE1BB6F10A36A55541D80E8 /* PiqdApp.swift in Sources */ = {isa = PBXBuildFile; fileRef = 4C52C6ACC36E1E13C5273DAC /* PiqdApp.swift */; };
		F6FC1FB523030A83898AE8ED /* DevSettingsStore.swift in Sources */ = {isa = PBXBuildFile; fileRef = 81207B79722F7C3959ED7189 /* DevSettingsStore.swift */; };
/* End PBXBuildFile section */

/* Begin PBXContainerItemProxy section */
		7D358FC10CA9C7CAA927D714 /* PBXContainerItemProxy */ = {
			isa = PBXContainerItemProxy;
			containerPortal = 7685199AAB95F7E417FE3512 /* Project object */;
			proxyType = 1;
			remoteGlobalIDString = DF2DFDDD1833CDFC04FF577A;
			remoteInfo = Piqd;
		};
/* End PBXContainerItemProxy section */

/* Begin PBXFileReference section */
		07BA6A9EC78DB6D0CD539B1A /* PiqdCaptureView.swift */ = {isa = PBXFileReference; lastKnownFileType = sourcecode.swift; path = PiqdCaptureView.swift; sourceTree = "<group>"; };
		0BAFF4E03D6585CBBE2287DE /* Assets.xcassets */ = {isa = PBXFileReference; lastKnownFileType = folder.assetcatalog; path = Assets.xcassets; sourceTree = "<group>"; };
		0E5ACDAD94AF840DC5D16F4F /* NiftyData */ = {isa = PBXFileReference; lastKnownFileType = folder; name = NiftyData; path = ../../NiftyData; sourceTree = SOURCE_ROOT; };
		12AC20D64D4E0D2E6B3E03CE /* NiftyCore */ = {isa = PBXFileReference; lastKnownFileType = folder; name = NiftyCore; path = ../../NiftyCore; sourceTree = SOURCE_ROOT; };
		1CD77E57B74CA07FEF63AF2A /* GrainOverlayView.swift */ = {isa = PBXFileReference; lastKnownFileType = sourcecode.swift; path = GrainOverlayView.swift; sourceTree = "<group>"; };
		279D2B73905D44964F953E82 /* PiqdAppContainer.swift */ = {isa = PBXFileReference; lastKnownFileType = sourcecode.swift; path = PiqdAppContainer.swift; sourceTree = "<group>"; };
		A1B2C3D4E5F6A7B8C9D0E1F2 /* PiqdNoopLabClient.swift */ = {isa = PBXFileReference; lastKnownFileType = sourcecode.swift; path = PiqdNoopLabClient.swift; sourceTree = "<group>"; };
		27B0906DFD3AE95F1157FE0C /* FilmCounterView.swift */ = {isa = PBXFileReference; lastKnownFileType = sourcecode.swift; path = FilmCounterView.swift; sourceTree = "<group>"; };
		31D36459944764E9C1ADA3B7 /* ModeStore.swift */ = {isa = PBXFileReference; lastKnownFileType = sourcecode.swift; path = ModeStore.swift; sourceTree = "<group>"; };
		4C52C6ACC36E1E13C5273DAC /* PiqdApp.swift */ = {isa = PBXFileReference; lastKnownFileType = sourcecode.swift; path = PiqdApp.swift; sourceTree = "<group>"; };
		526A6B001D1391B841AD8985 /* PiqdDevSettingsView.swift */ = {isa = PBXFileReference; lastKnownFileType = sourcecode.swift; path = PiqdDevSettingsView.swift; sourceTree = "<group>"; };
		63930AB65B928A8ADECA8569 /* PiqdVaultDebugView.swift */ = {isa = PBXFileReference; lastKnownFileType = sourcecode.swift; path = PiqdVaultDebugView.swift; sourceTree = "<group>"; };
		71D85D4225DB3739374D2BA5 /* FormatSelectorView.swift */ = {isa = PBXFileReference; includeInIndex = 1; lastKnownFileType = sourcecode.swift; path = FormatSelectorView.swift; sourceTree = "<group>"; };
		77F3379F941C30CDDB421095 /* PiqdUITests.xctest */ = {isa = PBXFileReference; includeInIndex = 0; lastKnownFileType = wrapper.cfbundle; path = PiqdUITests.xctest; sourceTree = BUILT_PRODUCTS_DIR; };
		81207B79722F7C3959ED7189 /* DevSettingsStore.swift */ = {isa = PBXFileReference; lastKnownFileType = sourcecode.swift; path = DevSettingsStore.swift; sourceTree = "<group>"; };
		81525CAE3CAFA242F4BAE842 /* PiqdRootView.swift */ = {isa = PBXFileReference; lastKnownFileType = sourcecode.swift; path = PiqdRootView.swift; sourceTree = "<group>"; };
		875613EC3011E66CBED946F2 /* CameraPreviewView.swift */ = {isa = PBXFileReference; lastKnownFileType = sourcecode.swift; path = CameraPreviewView.swift; sourceTree = "<group>"; };
		935FF5B37E24F11CFF39BDB3 /* RollFullOverlay.swift */ = {isa = PBXFileReference; lastKnownFileType = sourcecode.swift; path = RollFullOverlay.swift; sourceTree = "<group>"; };
		984A18C460D85A3608186BE0 /* ShutterButtonView.swift */ = {isa = PBXFileReference; includeInIndex = 1; lastKnownFileType = sourcecode.swift; path = ShutterButtonView.swift; sourceTree = "<group>"; };
		A8A0EB5730AF30F1041963E8 /* PiqdFormatSelectorUITests.swift */ = {isa = PBXFileReference; includeInIndex = 1; lastKnownFileType = sourcecode.swift; path = PiqdFormatSelectorUITests.swift; sourceTree = "<group>"; };
		BCE21AD10981EF8FB776F62E /* ModeSwitchSheet.swift */ = {isa = PBXFileReference; lastKnownFileType = sourcecode.swift; path = ModeSwitchSheet.swift; sourceTree = "<group>"; };
		CE0869CC6219AD5B6332A432 /* ModePill.swift */ = {isa = PBXFileReference; lastKnownFileType = sourcecode.swift; path = ModePill.swift; sourceTree = "<group>"; };
		D6589D2BC87B34F2016DC55C /* Piqd.app */ = {isa = PBXFileReference; explicitFileType = wrapper.application; includeInIndex = 0; path = Piqd.app; sourceTree = BUILT_PRODUCTS_DIR; };
		E5DBAEF6FB065B8AAE5C5D08 /* SafeRenderBorderView.swift */ = {isa = PBXFileReference; includeInIndex = 1; lastKnownFileType = sourcecode.swift; path = SafeRenderBorderView.swift; sourceTree = "<group>"; };
		EDA6C4CB6BEA885C4EB002D5 /* AppConfig+Piqd.swift */ = {isa = PBXFileReference; lastKnownFileType = sourcecode.swift; path = "AppConfig+Piqd.swift"; sourceTree = "<group>"; };
		EECCC3D31406AB1441602D61 /* PiqdUITests.swift */ = {isa = PBXFileReference; lastKnownFileType = sourcecode.swift; path = PiqdUITests.swift; sourceTree = "<group>"; };
/* End PBXFileReference section */

/* Begin PBXFrameworksBuildPhase section */
		53B7827521F3D6886801BE92 /* Frameworks */ = {
			isa = PBXFrameworksBuildPhase;
			buildActionMask = 2147483647;
			files = (
				020E6D490135E36043DF5C94 /* NiftyCore in Frameworks */,
				0ABB22A51E413F200C4BBC26 /* NiftyData in Frameworks */,
			);
			runOnlyForDeploymentPostprocessing = 0;
		};
/* End PBXFrameworksBuildPhase section */

/* Begin PBXGroup section */
		0BAA57C7376D64E60980697E /* PiqdUITests */ = {
			isa = PBXGroup;
			children = (
				EECCC3D31406AB1441602D61 /* PiqdUITests.swift */,
				A8A0EB5730AF30F1041963E8 /* PiqdFormatSelectorUITests.swift */,
			);
			path = PiqdUITests;
			sourceTree = "<group>";
		};
		2E3BF1D9D15549E5535D2341 /* UI */ = {
			isa = PBXGroup;
			children = (
				B8D3EA3FE57C817B2DEE2E5E /* Capture */,
				3690FEC75479E2B49C8E7F6A /* Debug */,
			);
			path = UI;
			sourceTree = "<group>";
		};
		3690FEC75479E2B49C8E7F6A /* Debug */ = {
			isa = PBXGroup;
			children = (
				81207B79722F7C3959ED7189 /* DevSettingsStore.swift */,
				526A6B001D1391B841AD8985 /* PiqdDevSettingsView.swift */,
				63930AB65B928A8ADECA8569 /* PiqdVaultDebugView.swift */,
			);
			path = Debug;
			sourceTree = "<group>";
		};
		3822B1AE891D4E3795F5D295 = {
			isa = PBXGroup;
			children = (
				5286FA0F00D826D9300383F8 /* Packages */,
				56CE2AB0429419786263DF52 /* Piqd */,
				0BAA57C7376D64E60980697E /* PiqdUITests */,
				910B5867154D2E36F7BA23AB /* Products */,
			);
			sourceTree = "<group>";
		};
		5286FA0F00D826D9300383F8 /* Packages */ = {
			isa = PBXGroup;
			children = (
				12AC20D64D4E0D2E6B3E03CE /* NiftyCore */,
				0E5ACDAD94AF840DC5D16F4F /* NiftyData */,
			);
			name = Packages;
			sourceTree = "<group>";
		};
		56CE2AB0429419786263DF52 /* Piqd */ = {
			isa = PBXGroup;
			children = (
				EDA6C4CB6BEA885C4EB002D5 /* AppConfig+Piqd.swift */,
				0BAFF4E03D6585CBBE2287DE /* Assets.xcassets */,
				4C52C6ACC36E1E13C5273DAC /* PiqdApp.swift */,
				279D2B73905D44964F953E82 /* PiqdAppContainer.swift */,
				A1B2C3D4E5F6A7B8C9D0E1F2 /* PiqdNoopLabClient.swift */,
				81525CAE3CAFA242F4BAE842 /* PiqdRootView.swift */,
				2E3BF1D9D15549E5535D2341 /* UI */,
			);
			path = Piqd;
			sourceTree = "<group>";
		};
		910B5867154D2E36F7BA23AB /* Products */ = {
			isa = PBXGroup;
			children = (
				D6589D2BC87B34F2016DC55C /* Piqd.app */,
				77F3379F941C30CDDB421095 /* PiqdUITests.xctest */,
			);
			name = Products;
			sourceTree = "<group>";
		};
		B8D3EA3FE57C817B2DEE2E5E /* Capture */ = {
			isa = PBXGroup;
			children = (
				875613EC3011E66CBED946F2 /* CameraPreviewView.swift */,
				27B0906DFD3AE95F1157FE0C /* FilmCounterView.swift */,
				1CD77E57B74CA07FEF63AF2A /* GrainOverlayView.swift */,
				CE0869CC6219AD5B6332A432 /* ModePill.swift */,
				31D36459944764E9C1ADA3B7 /* ModeStore.swift */,
				BCE21AD10981EF8FB776F62E /* ModeSwitchSheet.swift */,
				07BA6A9EC78DB6D0CD539B1A /* PiqdCaptureView.swift */,
				935FF5B37E24F11CFF39BDB3 /* RollFullOverlay.swift */,
				984A18C460D85A3608186BE0 /* ShutterButtonView.swift */,
				71D85D4225DB3739374D2BA5 /* FormatSelectorView.swift */,
				E5DBAEF6FB065B8AAE5C5D08 /* SafeRenderBorderView.swift */,
			);
			path = Capture;
			sourceTree = "<group>";
		};
/* End PBXGroup section */

/* Begin PBXNativeTarget section */
		01CCD9B1C6D558C1A3E5AD33 /* PiqdUITests */ = {
			isa = PBXNativeTarget;
			buildConfigurationList = 16C2FA4B12873DF2FD5FFF9E /* Build configuration list for PBXNativeTarget "PiqdUITests" */;
			buildPhases = (
				A57D54751EB6D676D5C434CB /* Sources */,
			);
			buildRules = (
			);
			dependencies = (
				054E1850F83F4D129DA3D6F4 /* PBXTargetDependency */,
			);
			name = PiqdUITests;
			productName = PiqdUITests;
			productReference = 77F3379F941C30CDDB421095 /* PiqdUITests.xctest */;
			productType = "com.apple.product-type.bundle.ui-testing";
		};
		DF2DFDDD1833CDFC04FF577A /* Piqd */ = {
			isa = PBXNativeTarget;
			buildConfigurationList = 82BB70BC4B6F1DCDECC6A9AF /* Build configuration list for PBXNativeTarget "Piqd" */;
			buildPhases = (
				F14000F730EFEC93E4C53D5D /* Sources */,
				E453F8B72369EE57BA54AF54 /* Resources */,
				53B7827521F3D6886801BE92 /* Frameworks */,
			);
			buildRules = (
			);
			dependencies = (
			);
			name = Piqd;
			packageProductDependencies = (
				7BE3531A196107450CBD91C4 /* NiftyCore */,
				D573630EDB426970D58ED8FD /* NiftyData */,
			);
			productName = Piqd;
			productReference = D6589D2BC87B34F2016DC55C /* Piqd.app */;
			productType = "com.apple.product-type.application";
		};
/* End PBXNativeTarget section */

/* Begin PBXProject section */
		7685199AAB95F7E417FE3512 /* Project object */ = {
			isa = PBXProject;
			attributes = {
				BuildIndependentTargetsInParallel = YES;
				LastUpgradeCheck = 1430;
				TargetAttributes = {
					01CCD9B1C6D558C1A3E5AD33 = {
						DevelopmentTeam = "";
						TestTargetID = DF2DFDDD1833CDFC04FF577A;
					};
				};
			};
			buildConfigurationList = 1177A3DBCA332258F8AF9571 /* Build configuration list for PBXProject "Piqd" */;
			developmentRegion = en;
			hasScannedForEncodings = 0;
			knownRegions = (
				Base,
				en,
			);
			mainGroup = 3822B1AE891D4E3795F5D295;
			minimizedProjectReferenceProxies = 1;
			packageReferences = (
				362ECF04869AF7522FCA1C54 /* XCLocalSwiftPackageReference "NiftyCore" */,
				463D36884D693A4F80293757 /* XCLocalSwiftPackageReference "NiftyData" */,
			);
			preferredProjectObjectVersion = 77;
			productRefGroup = 910B5867154D2E36F7BA23AB /* Products */;
			projectDirPath = "";
			projectRoot = "";
			targets = (
				DF2DFDDD1833CDFC04FF577A /* Piqd */,
				01CCD9B1C6D558C1A3E5AD33 /* PiqdUITests */,
			);
		};
/* End PBXProject section */

/* Begin PBXResourcesBuildPhase section */
		E453F8B72369EE57BA54AF54 /* Resources */ = {
			isa = PBXResourcesBuildPhase;
			buildActionMask = 2147483647;
			files = (
				85E708F3A5A20465F897563B /* Assets.xcassets in Resources */,
			);
			runOnlyForDeploymentPostprocessing = 0;
		};
/* End PBXResourcesBuildPhase section */

/* Begin PBXSourcesBuildPhase section */
		A57D54751EB6D676D5C434CB /* Sources */ = {
			isa = PBXSourcesBuildPhase;
			buildActionMask = 2147483647;
			files = (
				3F7E27FDD6AE38C30EE02A25 /* PiqdUITests.swift in Sources */,
				532ED0C0AE4F0B54A4CE97E0 /* PiqdFormatSelectorUITests.swift in Sources */,
			);
			runOnlyForDeploymentPostprocessing = 0;
		};
		F14000F730EFEC93E4C53D5D /* Sources */ = {
			isa = PBXSourcesBuildPhase;
			buildActionMask = 2147483647;
			files = (
				CB28F05D74DD0D5C9AEBDFFD /* AppConfig+Piqd.swift in Sources */,
				088CDD62BE70AF4599757BB9 /* CameraPreviewView.swift in Sources */,
				F6FC1FB523030A83898AE8ED /* DevSettingsStore.swift in Sources */,
				DF7C58D77E47FE795473145E /* FilmCounterView.swift in Sources */,
				CB5D208C969455EA521B2984 /* GrainOverlayView.swift in Sources */,
				3D7D0C29AC8EA7B0A03C1ED0 /* ModePill.swift in Sources */,
				A790EDBFEE6F54A6677F82CE /* ModeStore.swift in Sources */,
				CB715841E8C07E00DD0B296D /* ModeSwitchSheet.swift in Sources */,
				EDE1BB6F10A36A55541D80E8 /* PiqdApp.swift in Sources */,
				34F2A72EE427A586D232B039 /* PiqdAppContainer.swift in Sources */,
				B1C2D3E4F5A6B7C8D9E0F1A2 /* PiqdNoopLabClient.swift in Sources */,
				A304FE9183DB16AD76CB606B /* PiqdCaptureView.swift in Sources */,
				7394563EE607E580E3F6E3DE /* PiqdDevSettingsView.swift in Sources */,
				A7E62A1BB65ACF761CDB209F /* PiqdRootView.swift in Sources */,
				A234A41E017AC49A3D8C3E33 /* PiqdVaultDebugView.swift in Sources */,
				B701C53021FC457454E2D58A /* RollFullOverlay.swift in Sources */,
				66B9A387B228C409781AE007 /* ShutterButtonView.swift in Sources */,
				287B14B998815214993450B2 /* FormatSelectorView.swift in Sources */,
				E38806A3EF8D32C841C7E828 /* SafeRenderBorderView.swift in Sources */,
			);
			runOnlyForDeploymentPostprocessing = 0;
		};
/* End PBXSourcesBuildPhase section */

/* Begin PBXTargetDependency section */
		054E1850F83F4D129DA3D6F4 /* PBXTargetDependency */ = {
			isa = PBXTargetDependency;
			target = DF2DFDDD1833CDFC04FF577A /* Piqd */;
			targetProxy = 7D358FC10CA9C7CAA927D714 /* PBXContainerItemProxy */;
		};
/* End PBXTargetDependency section */

/* Begin XCBuildConfiguration section */
		498BC18EE965F2EB90200AE4 /* Release */ = {
			isa = XCBuildConfiguration;
			buildSettings = {
				ALWAYS_SEARCH_USER_PATHS = NO;
				CLANG_ANALYZER_NONNULL = YES;
				CLANG_ANALYZER_NUMBER_OBJECT_CONVERSION = YES_AGGRESSIVE;
				CLANG_CXX_LANGUAGE_STANDARD = "gnu++14";
				CLANG_CXX_LIBRARY = "libc++";
				CLANG_ENABLE_MODULES = YES;
				CLANG_ENABLE_OBJC_ARC = YES;
				CLANG_ENABLE_OBJC_WEAK = YES;
				CLANG_WARN_BLOCK_CAPTURE_AUTORELEASING = YES;
				CLANG_WARN_BOOL_CONVERSION = YES;
				CLANG_WARN_COMMA = YES;
				CLANG_WARN_CONSTANT_CONVERSION = YES;
				CLANG_WARN_DEPRECATED_OBJC_IMPLEMENTATIONS = YES;
				CLANG_WARN_DIRECT_OBJC_ISA_USAGE = YES_ERROR;
				CLANG_WARN_DOCUMENTATION_COMMENTS = YES;
				CLANG_WARN_EMPTY_BODY = YES;
				CLANG_WARN_ENUM_CONVERSION = YES;
				CLANG_WARN_INFINITE_RECURSION = YES;
				CLANG_WARN_INT_CONVERSION = YES;
				CLANG_WARN_NON_LITERAL_NULL_CONVERSION = YES;
				CLANG_WARN_OBJC_IMPLICIT_RETAIN_SELF = YES;
				CLANG_WARN_OBJC_LITERAL_CONVERSION = YES;
				CLANG_WARN_OBJC_ROOT_CLASS = YES_ERROR;
				CLANG_WARN_QUOTED_INCLUDE_IN_FRAMEWORK_HEADER = YES;
				CLANG_WARN_RANGE_LOOP_ANALYSIS = YES;
				CLANG_WARN_STRICT_PROTOTYPES = YES;
				CLANG_WARN_SUSPICIOUS_MOVE = YES;
				CLANG_WARN_UNGUARDED_AVAILABILITY = YES_AGGRESSIVE;
				CLANG_WARN_UNREACHABLE_CODE = YES;
				CLANG_WARN__DUPLICATE_METHOD_MATCH = YES;
				COPY_PHASE_STRIP = NO;
				DEBUG_INFORMATION_FORMAT = "dwarf-with-dsym";
				DEVELOPMENT_TEAM = "";
				ENABLE_NS_ASSERTIONS = NO;
				ENABLE_STRICT_OBJC_MSGSEND = YES;
				GCC_C_LANGUAGE_STANDARD = gnu11;
				GCC_NO_COMMON_BLOCKS = YES;
				GCC_WARN_64_TO_32_BIT_CONVERSION = YES;
				GCC_WARN_ABOUT_RETURN_TYPE = YES_ERROR;
				GCC_WARN_UNDECLARED_SELECTOR = YES;
				GCC_WARN_UNINITIALIZED_AUTOS = YES_AGGRESSIVE;
				GCC_WARN_UNUSED_FUNCTION = YES;
				GCC_WARN_UNUSED_VARIABLE = YES;
				IPHONEOS_DEPLOYMENT_TARGET = 26.0;
				MTL_ENABLE_DEBUG_INFO = NO;
				MTL_FAST_MATH = YES;
				PRODUCT_NAME = "$(TARGET_NAME)";
				SDKROOT = iphoneos;
				SWIFT_COMPILATION_MODE = wholemodule;
				SWIFT_OPTIMIZATION_LEVEL = "-O";
				SWIFT_VERSION = 5.9;
			};
			name = Release;
		};
		C1661764ACC2E12C2702832B /* Release */ = {
			isa = XCBuildConfiguration;
			buildSettings = {
				BUNDLE_LOADER = "$(TEST_HOST)";
				GENERATE_INFOPLIST_FILE = YES;
				IPHONEOS_DEPLOYMENT_TARGET = 26.0;
				LD_RUNPATH_SEARCH_PATHS = (
					"$(inherited)",
					"@executable_path/Frameworks",
					"@loader_path/Frameworks",
				);
				PRODUCT_BUNDLE_IDENTIFIER = com.hwcho99.piqd.uitests;
				SDKROOT = iphoneos;
				TARGETED_DEVICE_FAMILY = 1;
				TEST_TARGET_NAME = Piqd;
			};
			name = Release;
		};
		CB1720FFF858281615C90819 /* Debug */ = {
			isa = XCBuildConfiguration;
			buildSettings = {
				ASSETCATALOG_COMPILER_APPICON_NAME = AppIcon;
				CODE_SIGN_ENTITLEMENTS = Piqd/Piqd.entitlements;
				CODE_SIGN_IDENTITY = "iPhone Developer";
				CURRENT_PROJECT_VERSION = 1;
				DEVELOPMENT_TEAM = 9LVH98N9BS;
				GENERATE_INFOPLIST_FILE = NO;
				INFOPLIST_FILE = Piqd/Info.plist;
				IPHONEOS_DEPLOYMENT_TARGET = 26.0;
				LD_RUNPATH_SEARCH_PATHS = (
					"$(inherited)",
					"@executable_path/Frameworks",
				);
				MARKETING_VERSION = 0.1;
				PRODUCT_BUNDLE_IDENTIFIER = com.hwcho99.niftyMomnt.piqd;
				SDKROOT = iphoneos;
				SUPPORTED_PLATFORMS = "iphoneos iphonesimulator";
				SUPPORTS_MACCATALYST = NO;
				SUPPORTS_MAC_DESIGNED_FOR_IPHONE_IPAD = NO;
				TARGETED_DEVICE_FAMILY = 1;
			};
			name = Debug;
		};
		D60417D4240A9059CFA1B17B /* Debug */ = {
			isa = XCBuildConfiguration;
			buildSettings = {
				ALWAYS_SEARCH_USER_PATHS = NO;
				CLANG_ANALYZER_NONNULL = YES;
				CLANG_ANALYZER_NUMBER_OBJECT_CONVERSION = YES_AGGRESSIVE;
				CLANG_CXX_LANGUAGE_STANDARD = "gnu++14";
				CLANG_CXX_LIBRARY = "libc++";
				CLANG_ENABLE_MODULES = YES;
				CLANG_ENABLE_OBJC_ARC = YES;
				CLANG_ENABLE_OBJC_WEAK = YES;
				CLANG_WARN_BLOCK_CAPTURE_AUTORELEASING = YES;
				CLANG_WARN_BOOL_CONVERSION = YES;
				CLANG_WARN_COMMA = YES;
				CLANG_WARN_CONSTANT_CONVERSION = YES;
				CLANG_WARN_DEPRECATED_OBJC_IMPLEMENTATIONS = YES;
				CLANG_WARN_DIRECT_OBJC_ISA_USAGE = YES_ERROR;
				CLANG_WARN_DOCUMENTATION_COMMENTS = YES;
				CLANG_WARN_EMPTY_BODY = YES;
				CLANG_WARN_ENUM_CONVERSION = YES;
				CLANG_WARN_INFINITE_RECURSION = YES;
				CLANG_WARN_INT_CONVERSION = YES;
				CLANG_WARN_NON_LITERAL_NULL_CONVERSION = YES;
				CLANG_WARN_OBJC_IMPLICIT_RETAIN_SELF = YES;
				CLANG_WARN_OBJC_LITERAL_CONVERSION = YES;
				CLANG_WARN_OBJC_ROOT_CLASS = YES_ERROR;
				CLANG_WARN_QUOTED_INCLUDE_IN_FRAMEWORK_HEADER = YES;
				CLANG_WARN_RANGE_LOOP_ANALYSIS = YES;
				CLANG_WARN_STRICT_PROTOTYPES = YES;
				CLANG_WARN_SUSPICIOUS_MOVE = YES;
				CLANG_WARN_UNGUARDED_AVAILABILITY = YES_AGGRESSIVE;
				CLANG_WARN_UNREACHABLE_CODE = YES;
				CLANG_WARN__DUPLICATE_METHOD_MATCH = YES;
				COPY_PHASE_STRIP = NO;
				DEBUG_INFORMATION_FORMAT = dwarf;
				DEVELOPMENT_TEAM = "";
				ENABLE_STRICT_OBJC_MSGSEND = YES;
				ENABLE_TESTABILITY = YES;
				GCC_C_LANGUAGE_STANDARD = gnu11;
				GCC_DYNAMIC_NO_PIC = NO;
				GCC_NO_COMMON_BLOCKS = YES;
				GCC_OPTIMIZATION_LEVEL = 0;
				GCC_PREPROCESSOR_DEFINITIONS = (
					"$(inherited)",
					"DEBUG=1",
				);
				GCC_WARN_64_TO_32_BIT_CONVERSION = YES;
				GCC_WARN_ABOUT_RETURN_TYPE = YES_ERROR;
				GCC_WARN_UNDECLARED_SELECTOR = YES;
				GCC_WARN_UNINITIALIZED_AUTOS = YES_AGGRESSIVE;
				GCC_WARN_UNUSED_FUNCTION = YES;
				GCC_WARN_UNUSED_VARIABLE = YES;
				IPHONEOS_DEPLOYMENT_TARGET = 26.0;
				MTL_ENABLE_DEBUG_INFO = INCLUDE_SOURCE;
				MTL_FAST_MATH = YES;
				ONLY_ACTIVE_ARCH = YES;
				PRODUCT_NAME = "$(TARGET_NAME)";
				SDKROOT = iphoneos;
				SWIFT_ACTIVE_COMPILATION_CONDITIONS = DEBUG;
				SWIFT_OPTIMIZATION_LEVEL = "-Onone";
				SWIFT_VERSION = 5.9;
			};
			name = Debug;
		};
		E0F8DD4E83A8DC760C1DC52B /* Release */ = {
			isa = XCBuildConfiguration;
			buildSettings = {
				ASSETCATALOG_COMPILER_APPICON_NAME = AppIcon;
				CODE_SIGN_ENTITLEMENTS = Piqd/Piqd.entitlements;
				CODE_SIGN_IDENTITY = "iPhone Developer";
				CURRENT_PROJECT_VERSION = 1;
				DEVELOPMENT_TEAM = 9LVH98N9BS;
				GENERATE_INFOPLIST_FILE = NO;
				INFOPLIST_FILE = Piqd/Info.plist;
				IPHONEOS_DEPLOYMENT_TARGET = 26.0;
				LD_RUNPATH_SEARCH_PATHS = (
					"$(inherited)",
					"@executable_path/Frameworks",
				);
				MARKETING_VERSION = 0.1;
				PRODUCT_BUNDLE_IDENTIFIER = com.hwcho99.niftyMomnt.piqd;
				SDKROOT = iphoneos;
				SUPPORTED_PLATFORMS = "iphoneos iphonesimulator";
				SUPPORTS_MACCATALYST = NO;
				SUPPORTS_MAC_DESIGNED_FOR_IPHONE_IPAD = NO;
				TARGETED_DEVICE_FAMILY = 1;
			};
			name = Release;
		};
		EFE376FE135E954B80BFCC3A /* Debug */ = {
			isa = XCBuildConfiguration;
			buildSettings = {
				BUNDLE_LOADER = "$(TEST_HOST)";
				GENERATE_INFOPLIST_FILE = YES;
				IPHONEOS_DEPLOYMENT_TARGET = 26.0;
				LD_RUNPATH_SEARCH_PATHS = (
					"$(inherited)",
					"@executable_path/Frameworks",
					"@loader_path/Frameworks",
				);
				PRODUCT_BUNDLE_IDENTIFIER = com.hwcho99.piqd.uitests;
				SDKROOT = iphoneos;
				TARGETED_DEVICE_FAMILY = 1;
				TEST_TARGET_NAME = Piqd;
			};
			name = Debug;
		};
/* End XCBuildConfiguration section */

/* Begin XCConfigurationList section */
		1177A3DBCA332258F8AF9571 /* Build configuration list for PBXProject "Piqd" */ = {
			isa = XCConfigurationList;
			buildConfigurations = (
				D60417D4240A9059CFA1B17B /* Debug */,
				498BC18EE965F2EB90200AE4 /* Release */,
			);
			defaultConfigurationIsVisible = 0;
			defaultConfigurationName = Debug;
		};
		16C2FA4B12873DF2FD5FFF9E /* Build configuration list for PBXNativeTarget "PiqdUITests" */ = {
			isa = XCConfigurationList;
			buildConfigurations = (
				EFE376FE135E954B80BFCC3A /* Debug */,
				C1661764ACC2E12C2702832B /* Release */,
			);
			defaultConfigurationIsVisible = 0;
			defaultConfigurationName = Debug;
		};
		82BB70BC4B6F1DCDECC6A9AF /* Build configuration list for PBXNativeTarget "Piqd" */ = {
			isa = XCConfigurationList;
			buildConfigurations = (
				CB1720FFF858281615C90819 /* Debug */,
				E0F8DD4E83A8DC760C1DC52B /* Release */,
			);
			defaultConfigurationIsVisible = 0;
			defaultConfigurationName = Debug;
		};
/* End XCConfigurationList section */

/* Begin XCLocalSwiftPackageReference section */
		362ECF04869AF7522FCA1C54 /* XCLocalSwiftPackageReference "NiftyCore" */ = {
			isa = XCLocalSwiftPackageReference;
			relativePath = ../../NiftyCore;
		};
		463D36884D693A4F80293757 /* XCLocalSwiftPackageReference "NiftyData" */ = {
			isa = XCLocalSwiftPackageReference;
			relativePath = ../../NiftyData;
		};
/* End XCLocalSwiftPackageReference section */

/* Begin XCSwiftPackageProductDependency section */
		7BE3531A196107450CBD91C4 /* NiftyCore */ = {
			isa = XCSwiftPackageProductDependency;
			productName = NiftyCore;
		};
		D573630EDB426970D58ED8FD /* NiftyData */ = {
			isa = XCSwiftPackageProductDependency;
			productName = NiftyData;
		};
/* End XCSwiftPackageProductDependency section */
	};
	rootObject = 7685199AAB95F7E417FE3512 /* Project object */;
}
